
Microsoft Visual Studio Solution File, Format Version 12.00
# Visual Studio Version 17
VisualStudioVersion = 17.0.32014.148
MinimumVisualStudioVersion = 10.0.40219.1
Project("{FAE04EC0-301F-11D3-BF4B-00C04F79EFBC}") = "AmdEditor", "AmdEditor\AmdEditor.csproj", "{CE68CDE3-C141-49F2-B83C-08A8C2E3AF6D}"
EndProject
Project("{FAE04EC0-301F-11D3-BF4B-00C04F79EFBC}") = "PiosAmdLibrary", "PiosAmdLibrary\PiosAmdLibrary.csproj", "{1701A012-A901-4C63-9FD0-09E9CD8516FD}"
EndProject
Global
	GlobalSection(SolutionConfigurationPlatforms) = preSolution
		Debug|Any CPU = Debug|Any CPU
		Release|Any CPU = Release|Any CPU
	EndGlobalSection
	GlobalSection(ProjectConfigurationPlatforms) = postSolution
		{CE68CDE3-C141-49F2-B83C-08A8C2E3AF6D}.Debug|Any CPU.ActiveCfg = Debug|Any CPU
		{CE68CDE3-C141-49F2-B83C-08A8C2E3AF6D}.Debug|Any CPU.Build.0 = Debug|Any CPU
		{CE68CDE3-C141-49F2-B83C-08A8C2E3AF6D}.Release|Any CPU.ActiveCfg = Release|Any CPU
		{CE68CDE3-C141-49F2-B83C-08A8C2E3AF6D}.Release|Any CPU.Build.0 = Release|Any CPU
		{1701A012-A901-4C63-9FD0-09E9CD8516FD}.Debug|Any CPU.ActiveCfg = Debug|Any CPU
		{1701A012-A901-4C63-9FD0-09E9CD8516FD}.Debug|Any CPU.Build.0 = Debug|Any CPU
		{1701A012-A901-4C63-9FD0-09E9CD8516FD}.Release|Any CPU.ActiveCfg = Release|Any CPU
		{1701A012-A901-4C63-9FD0-09E9CD8516FD}.Release|Any CPU.Build.0 = Release|Any CPU
	EndGlobalSection
	GlobalSection(SolutionProperties) = preSolution
		HideSolutionNode = FALSE
	EndGlobalSection
	GlobalSection(ExtensibilityGlobals) = postSolution
		SolutionGuid = {A2AF44E9-D667-4832-9D9C-DABB295403BE}
	EndGlobalSection
EndGlobal
